Microsoft Visual Studio Solution File, Format Version 12.00
# Visual Studio Version 17
VisualStudioVersion = 17.6.33723.286
MinimumVisualStudioVersion = 10.0.40219.1
Project("{FAE04EC0-301F-11D3-BF4B-00C04F79EFBC}") = "AutoNameAnimals", "AutoNameAnimals\AutoNameAnimals.csproj", "{BA0530CA-2F17-41E1-8F09-38E510CFC87D}"
EndProject
Global
	GlobalSection(SolutionConfigurationPlatforms) = preSolution
		Debug|Any CPU = Debug|Any CPU
		Release|Any CPU = Release|Any CPU
	EndGlobalSection
	GlobalSection(ProjectConfigurationPlatforms) = postSolution
		{BA0530CA-2F17-41E1-8F09-38E510CFC87D}.Debug|Any CPU.ActiveCfg = Debug|Any CPU
		{BA0530CA-2F17-41E1-8F09-38E510CFC87D}.Debug|Any CPU.Build.0 = Debug|Any CPU
		{BA0530CA-2F17-41E1-8F09-38E510CFC87D}.Release|Any CPU.ActiveCfg = Release|Any CPU
		{BA0530CA-2F17-41E1-8F09-38E510CFC87D}.Release|Any CPU.Build.0 = Release|Any CPU
	EndGlobalSection
	GlobalSection(SolutionProperties) = preSolution
		HideSolutionNode = FALSE
	EndGlobalSection
	GlobalSection(ExtensibilityGlobals) = postSolution
		SolutionGuid = {045cf0c4-95b1-418b-bcfd-4f0071f1b1c5}
	EndGlobalSection
EndGlobal
